// !$*UTF8*$!
{
	archiveVersion = 1;
	classes = {
	};
	objectVersion = 56;
	objects = {

/* Begin PBXBuildFile section */
		42FE49CC2B7F38B100C095F7 /* EmojiPickerApp.swift in Sources */ = {isa = PBXBuildFile; fileRef = 42FE49CB2B7F38B100C095F7 /* EmojiPickerApp.swift */; };
		42FE49CE2B7F38B100C095F7 /* ContentView.swift in Sources */ = {isa = PBXBuildFile; fileRef = 42FE49CD2B7F38B100C095F7 /* ContentView.swift */; };
		42FE49D02B7F38B300C095F7 /* Assets.xcassets in Resources */ = {isa = PBXBuildFile; fileRef = 42FE49CF2B7F38B300C095F7 /* Assets.xcassets */; };
		42FE49D32B7F38B300C095F7 /* Preview Assets.xcassets in Resources */ = {isa = PBXBuildFile; fileRef = 42FE49D22B7F38B300C095F7 /* Preview Assets.xcassets */; };
		42FE49DD2B7F38B300C095F7 /* EmojiPickerTests.swift in Sources */ = {isa = PBXBuildFile; fileRef = 42FE49DC2B7F38B300C095F7 /* EmojiPickerTests.swift */; };
		42FE49E72B7F38B300C095F7 /* EmojiPickerUITests.swift in Sources */ = {isa = PBXBuildFile; fileRef = 42FE49E62B7F38B300C095F7 /* EmojiPickerUITests.swift */; };
		42FE49E92B7F38B300C095F7 /* EmojiPickerUITestsLaunchTests.swift in Sources */ = {isa = PBXBuildFile; fileRef = 42FE49E82B7F38B300C095F7 /* EmojiPickerUITestsLaunchTests.swift */; };
/* End PBXBuildFile section */

/* Begin PBXContainerItemProxy section */
		42FE49D92B7F38B300C095F7 /* PBXContainerItemProxy */ = {
			isa = PBXContainerItemProxy;
			containerPortal = 42FE49C02B7F38B100C095F7 /* Project object */;
			proxyType = 1;
			remoteGlobalIDString = 42FE49C72B7F38B100C095F7;
			remoteInfo = EmojiPicker;
		};
		42FE49E32B7F38B300C095F7 /* PBXContainerItemProxy */ = {
			isa = PBXContainerItemProxy;
			containerPortal = 42FE49C02B7F38B100C095F7 /* Project object */;
			proxyType = 1;
			remoteGlobalIDString = 42FE49C72B7F38B100C095F7;
			remoteInfo = EmojiPicker;
		};
/* End PBXContainerItemProxy section */

/* Begin PBXFileReference section */
		42FE49C82B7F38B100C095F7 /* EmojiPicker.app */ = {isa = PBXFileReference; explicitFileType = wrapper.application; includeInIndex = 0; path = EmojiPicker.app; sourceTree = BUILT_PRODUCTS_DIR; };
		42FE49CB2B7F38B100C095F7 /* EmojiPickerApp.swift */ = {isa = PBXFileReference; lastKnownFileType = sourcecode.swift; path = EmojiPickerApp.swift; sourceTree = "<group>"; };
		42FE49CD2B7F38B100C095F7 /* ContentView.swift */ = {isa = PBXFileReference; lastKnownFileType = sourcecode.swift; path = ContentView.swift; sourceTree = "<group>"; };
		42FE49CF2B7F38B300C095F7 /* Assets.xcassets */ = {isa = PBXFileReference; lastKnownFileType = folder.assetcatalog; path = Assets.xcassets; sourceTree = "<group>"; };
		42FE49D22B7F38B300C095F7 /* Preview Assets.xcassets */ = {isa = PBXFileReference; lastKnownFileType = folder.assetcatalog; path = "Preview Assets.xcassets"; sourceTree = "<group>"; };
		42FE49D82B7F38B300C095F7 /* EmojiPickerTests.xctest */ = {isa = PBXFileReference; explicitFileType = wrapper.cfbundle; includeInIndex = 0; path = EmojiPickerTests.xctest; sourceTree = BUILT_PRODUCTS_DIR; };
		42FE49DC2B7F38B300C095F7 /* EmojiPickerTests.swift */ = {isa = PBXFileReference; lastKnownFileType = sourcecode.swift; path = EmojiPickerTests.swift; sourceTree = "<group>"; };
		42FE49E22B7F38B300C095F7 /* EmojiPickerUITests.xctest */ = {isa = PBXFileReference; explicitFileType = wrapper.cfbundle; includeInIndex = 0; path = EmojiPickerUITests.xctest; sourceTree = BUILT_PRODUCTS_DIR; };
		42FE49E62B7F38B300C095F7 /* EmojiPickerUITests.swift */ = {isa = PBXFileReference; lastKnownFileType = sourcecode.swift; path = EmojiPickerUITests.swift; sourceTree = "<group>"; };
		42FE49E82B7F38B300C095F7 /* EmojiPickerUITestsLaunchTests.swift */ = {isa = PBXFileReference; lastKnownFileType = sourcecode.swift; path = EmojiPickerUITestsLaunchTests.swift; sourceTree = "<group>"; };
/* End PBXFileReference section */

/* Begin PBXFrameworksBuildPhase section */
		42FE49C52B7F38B100C095F7 /* Frameworks */ = {
			isa = PBXFrameworksBuildPhase;
			buildActionMask = 2147483647;
			files = (
			);
			runOnlyForDeploymentPostprocessing = 0;
		};
		42FE49D52B7F38B300C095F7 /* Frameworks */ = {
			isa = PBXFrameworksBuildPhase;
			buildActionMask = 2147483647;
			files = (
			);
			runOnlyForDeploymentPostprocessing = 0;
		};
		42FE49DF2B7F38B300C095F7 /* Frameworks */ = {
			isa = PBXFrameworksBuildPhase;
			buildActionMask = 2147483647;
			files = (
			);
			runOnlyForDeploymentPostprocessing = 0;
		};
/* End PBXFrameworksBuildPhase section */

/* Begin PBXGroup section */
		42FE49BF2B7F38B100C095F7 = {
			isa = PBXGroup;
			children = (
				42FE49CA2B7F38B100C095F7 /* EmojiPicker */,
				42FE49DB2B7F38B300C095F7 /* EmojiPickerTests */,
				42FE49E52B7F38B300C095F7 /* EmojiPickerUITests */,
				42FE49C92B7F38B100C095F7 /* Products */,
			);
			sourceTree = "<group>";
		};
		42FE49C92B7F38B100C095F7 /* Products */ = {
			isa = PBXGroup;
			children = (
				42FE49C82B7F38B100C095F7 /* EmojiPicker.app */,
				42FE49D82B7F38B300C095F7 /* EmojiPickerTests.xctest */,
				42FE49E22B7F38B300C095F7 /* EmojiPickerUITests.xctest */,
			);
			name = Products;
			sourceTree = "<group>";
		};
		42FE49CA2B7F38B100C095F7 /* EmojiPicker */ = {
			isa = PBXGroup;
			children = (
				42FE49CB2B7F38B100C095F7 /* EmojiPickerApp.swift */,
				42FE49CD2B7F38B100C095F7 /* ContentView.swift */,
				42FE49CF2B7F38B300C095F7 /* Assets.xcassets */,
				42FE49D12B7F38B300C095F7 /* Preview Content */,
			);
			path = EmojiPicker;
			sourceTree = "<group>";
		};
		42FE49D12B7F38B300C095F7 /* Preview Content */ = {
			isa = PBXGroup;
			children = (
				42FE49D22B7F38B300C095F7 /* Preview Assets.xcassets */,
			);
			path = "Preview Content";
			sourceTree = "<group>";
		};
		42FE49DB2B7F38B300C095F7 /* EmojiPickerTests */ = {
			isa = PBXGroup;
			children = (
				42FE49DC2B7F38B300C095F7 /* EmojiPickerTests.swift */,
			);
			path = EmojiPickerTests;
			sourceTree = "<group>";
		};
		42FE49E52B7F38B300C095F7 /* EmojiPickerUITests */ = {
			isa = PBXGroup;
			children = (
				42FE49E62B7F38B300C095F7 /* EmojiPickerUITests.swift */,
				42FE49E82B7F38B300C095F7 /* EmojiPickerUITestsLaunchTests.swift */,
			);
			path = EmojiPickerUITests;
			sourceTree = "<group>";
		};
/* End PBXGroup section */

/* Begin PBXNativeTarget section */
		42FE49C72B7F38B100C095F7 /* EmojiPicker */ = {
			isa = PBXNativeTarget;
			buildConfigurationList = 42FE49EC2B7F38B300C095F7 /* Build configuration list for PBXNativeTarget "EmojiPicker" */;
			buildPhases = (
				42FE49C42B7F38B100C095F7 /* Sources */,
				42FE49C52B7F38B100C095F7 /* Frameworks */,
				42FE49C62B7F38B100C095F7 /* Resources */,
			);
			buildRules = (
			);
			dependencies = (
			);
			name = EmojiPicker;
			productName = EmojiPicker;
			productReference = 42FE49C82B7F38B100C095F7 /* EmojiPicker.app */;
			productType = "com.apple.product-type.application";
		};
		42FE49D72B7F38B300C095F7 /* EmojiPickerTests */ = {
			isa = PBXNativeTarget;
			buildConfigurationList = 42FE49EF2B7F38B300C095F7 /* Build configuration list for PBXNativeTarget "EmojiPickerTests" */;
			buildPhases = (
				42FE49D42B7F38B300C095F7 /* Sources */,
				42FE49D52B7F38B300C095F7 /* Frameworks */,
				42FE49D62B7F38B300C095F7 /* Resources */,
			);
			buildRules = (
			);
			dependencies = (
				42FE49DA2B7F38B300C095F7 /* PBXTargetDependency */,
			);
			name = EmojiPickerTests;
			productName = EmojiPickerTests;
			productReference = 42FE49D82B7F38B300C095F7 /* EmojiPickerTests.xctest */;
			productType = "com.apple.product-type.bundle.unit-test";
		};
		42FE49E12B7F38B300C095F7 /* EmojiPickerUITests */ = {
			isa = PBXNativeTarget;
			buildConfigurationList = 42FE49F22B7F38B300C095F7 /* Build configuration list for PBXNativeTarget "EmojiPickerUITests" */;
			buildPhases = (
				42FE49DE2B7F38B300C095F7 /* Sources */,
				42FE49DF2B7F38B300C095F7 /* Frameworks */,
				42FE49E02B7F38B300C095F7 /* Resources */,
			);
			buildRules = (
			);
			dependencies = (
				42FE49E42B7F38B300C095F7 /* PBXTargetDependency */,
			);
			name = EmojiPickerUITests;
			productName = EmojiPickerUITests;
			productReference = 42FE49E22B7F38B300C095F7 /* EmojiPickerUITests.xctest */;
			productType = "com.apple.product-type.bundle.ui-testing";
		};
/* End PBXNativeTarget section */

/* Begin PBXProject section */
		42FE49C02B7F38B100C095F7 /* Project object */ = {
			isa = PBXProject;
			attributes = {
				BuildIndependentTargetsInParallel = 1;
				LastSwiftUpdateCheck = 1520;
				LastUpgradeCheck = 1520;
				TargetAttributes = {
					42FE49C72B7F38B100C095F7 = {
						CreatedOnToolsVersion = 15.2;
					};
					42FE49D72B7F38B300C095F7 = {
						CreatedOnToolsVersion = 15.2;
						TestTargetID = 42FE49C72B7F38B100C095F7;
					};
					42FE49E12B7F38B300C095F7 = {
						CreatedOnToolsVersion = 15.2;
						TestTargetID = 42FE49C72B7F38B100C095F7;
					};
				};
			};
			buildConfigurationList = 42FE49C32B7F38B100C095F7 /* Build configuration list for PBXProject "EmojiPicker" */;
			compatibilityVersion = "Xcode 14.0";
			developmentRegion = en;
			hasScannedForEncodings = 0;
			knownRegions = (
				en,
				Base,
			);
			mainGroup = 42FE49BF2B7F38B100C095F7;
			productRefGroup = 42FE49C92B7F38B100C095F7 /* Products */;
			projectDirPath = "";
			projectRoot = "";
			targets = (
				42FE49C72B7F38B100C095F7 /* EmojiPicker */,
				42FE49D72B7F38B300C095F7 /* EmojiPickerTests */,
				42FE49E12B7F38B300C095F7 /* EmojiPickerUITests */,
			);
		};
/* End PBXProject section */

/* Begin PBXResourcesBuildPhase section */
		42FE49C62B7F38B100C095F7 /* Resources */ = {
			isa = PBXResourcesBuildPhase;
			buildActionMask = 2147483647;
			files = (
				42FE49D32B7F38B300C095F7 /* Preview Assets.xcassets in Resources */,
				42FE49D02B7F38B300C095F7 /* Assets.xcassets in Resources */,
			);
			runOnlyForDeploymentPostprocessing = 0;
		};
		42FE49D62B7F38B300C095F7 /* Resources */ = {
			isa = PBXResourcesBuildPhase;
			buildActionMask = 2147483647;
			files = (
			);
			runOnlyForDeploymentPostprocessing = 0;
		};
		42FE49E02B7F38B300C095F7 /* Resources */ = {
			isa = PBXResourcesBuildPhase;
			buildActionMask = 2147483647;
			files = (
			);
			runOnlyForDeploymentPostprocessing = 0;
		};
/* End PBXResourcesBuildPhase section */

/* Begin PBXSourcesBuildPhase section */
		42FE49C42B7F38B100C095F7 /* Sources */ = {
			isa = PBXSourcesBuildPhase;
			buildActionMask = 2147483647;
			files = (
				42FE49CE2B7F38B100C095F7 /* ContentView.swift in Sources */,
				42FE49CC2B7F38B100C095F7 /* EmojiPickerApp.swift in Sources */,
			);
			runOnlyForDeploymentPostprocessing = 0;
		};
		42FE49D42B7F38B300C095F7 /* Sources */ = {
			isa = PBXSourcesBuildPhase;
			buildActionMask = 2147483647;
			files = (
				42FE49DD2B7F38B300C095F7 /* EmojiPickerTests.swift in Sources */,
			);
			runOnlyForDeploymentPostprocessing = 0;
		};
		42FE49DE2B7F38B300C095F7 /* Sources */ = {
			isa = PBXSourcesBuildPhase;
			buildActionMask = 2147483647;
			files = (
				42FE49E72B7F38B300C095F7 /* EmojiPickerUITests.swift in Sources */,
				42FE49E92B7F38B300C095F7 /* EmojiPickerUITestsLaunchTests.swift in Sources */,
			);
			runOnlyForDeploymentPostprocessing = 0;
		};
/* End PBXSourcesBuildPhase section */

/* Begin PBXTargetDependency section */
		42FE49DA2B7F38B300C095F7 /* PBXTargetDependency */ = {
			isa = PBXTargetDependency;
			target = 42FE49C72B7F38B100C095F7 /* EmojiPicker */;
			targetProxy = 42FE49D92B7F38B300C095F7 /* PBXContainerItemProxy */;
		};
		42FE49E42B7F38B300C095F7 /* PBXTargetDependency */ = {
			isa = PBXTargetDependency;
			target = 42FE49C72B7F38B100C095F7 /* EmojiPicker */;
			targetProxy = 42FE49E32B7F38B300C095F7 /* PBXContainerItemProxy */;
		};
/* End PBXTargetDependency section */

/* Begin XCBuildConfiguration section */
		42FE49EA2B7F38B300C095F7 /* Debug */ = {
			isa = XCBuildConfiguration;
			buildSettings = {
				ALWAYS_SEARCH_USER_PATHS = NO;
				ASSETCATALOG_COMPILER_GENERATE_SWIFT_ASSET_SYMBOL_EXTENSIONS = YES;
				CLANG_ANALYZER_NONNULL = YES;
				CLANG_ANALYZER_NUMBER_OBJECT_CONVERSION = YES_AGGRESSIVE;
				CLANG_CXX_LANGUAGE_STANDARD = "gnu++20";
				CLANG_ENABLE_MODULES = YES;
				CLANG_ENABLE_OBJC_ARC = YES;
				CLANG_ENABLE_OBJC_WEAK = YES;
				CLANG_WARN_BLOCK_CAPTURE_AUTORELEASING = YES;
				CLANG_WARN_BOOL_CONVERSION = YES;
				CLANG_WARN_COMMA = YES;
				CLANG_WARN_CONSTANT_CONVERSION = YES;
				CLANG_WARN_DEPRECATED_OBJC_IMPLEMENTATIONS = YES;
				CLANG_WARN_DIRECT_OBJC_ISA_USAGE = YES_ERROR;
				CLANG_WARN_DOCUMENTATION_COMMENTS = YES;
				CLANG_WARN_EMPTY_BODY = YES;
				CLANG_WARN_ENUM_CONVERSION = YES;
				CLANG_WARN_INFINITE_RECURSION = YES;
				CLANG_WARN_INT_CONVERSION = YES;
				CLANG_WARN_NON_LITERAL_NULL_CONVERSION = YES;
				CLANG_WARN_OBJC_IMPLICIT_RETAIN_SELF = YES;
				CLANG_WARN_OBJC_LITERAL_CONVERSION = YES;
				CLANG_WARN_OBJC_ROOT_CLASS = YES_ERROR;
				CLANG_WARN_QUOTED_INCLUDE_IN_FRAMEWORK_HEADER = YES;
				CLANG_WARN_RANGE_LOOP_ANALYSIS = YES;
				CLANG_WARN_STRICT_PROTOTYPES = YES;
				CLANG_WARN_SUSPICIOUS_MOVE = YES;
				CLANG_WARN_UNGUARDED_AVAILABILITY = YES_AGGRESSIVE;
				CLANG_WARN_UNREACHABLE_CODE = YES;
				CLANG_WARN__DUPLICATE_METHOD_MATCH = YES;
				COPY_PHASE_STRIP = NO;
				DEBUG_INFORMATION_FORMAT = dwarf;
				ENABLE_STRICT_OBJC_MSGSEND = YES;
				ENABLE_TESTABILITY = YES;
				ENABLE_USER_SCRIPT_SANDBOXING = YES;
				GCC_C_LANGUAGE_STANDARD = gnu17;
				GCC_DYNAMIC_NO_PIC = NO;
				GCC_NO_COMMON_BLOCKS = YES;
				GCC_OPTIMIZATION_LEVEL = 0;
				GCC_PREPROCESSOR_DEFINITIONS = (
					"DEBUG=1",
					"$(inherited)",
				);
				GCC_WARN_64_TO_32_BIT_CONVERSION = YES;
				GCC_WARN_ABOUT_RETURN_TYPE = YES_ERROR;
				GCC_WARN_UNDECLARED_SELECTOR = YES;
				GCC_WARN_UNINITIALIZED_AUTOS = YES_AGGRESSIVE;
				GCC_WARN_UNUSED_FUNCTION = YES;
				GCC_WARN_UNUSED_VARIABLE = YES;
				IPHONEOS_DEPLOYMENT_TARGET = 17.2;
				LOCALIZATION_PREFERS_STRING_CATALOGS = YES;
				MTL_ENABLE_DEBUG_INFO = INCLUDE_SOURCE;
				MTL_FAST_MATH = YES;
				ONLY_ACTIVE_ARCH = YES;
				SDKROOT = iphoneos;
				SWIFT_ACTIVE_COMPILATION_CONDITIONS = "DEBUG $(inherited)";
				SWIFT_OPTIMIZATION_LEVEL = "-Onone";
			};
			name = Debug;
		};
		42FE49EB2B7F38B300C095F7 /* Release */ = {
			isa = XCBuildConfiguration;
			buildSettings = {
				ALWAYS_SEARCH_USER_PATHS = NO;
				ASSETCATALOG_COMPILER_GENERATE_SWIFT_ASSET_SYMBOL_EXTENSIONS = YES;
				CLANG_ANALYZER_NONNULL = YES;
				CLANG_ANALYZER_NUMBER_OBJECT_CONVERSION = YES_AGGRESSIVE;
				CLANG_CXX_LANGUAGE_STANDARD = "gnu++20";
				CLANG_ENABLE_MODULES = YES;
				CLANG_ENABLE_OBJC_ARC = YES;
				CLANG_ENABLE_OBJC_WEAK = YES;
				CLANG_WARN_BLOCK_CAPTURE_AUTORELEASING = YES;
				CLANG_WARN_BOOL_CONVERSION = YES;
				CLANG_WARN_COMMA = YES;
				CLANG_WARN_CONSTANT_CONVERSION = YES;
				CLANG_WARN_DEPRECATED_OBJC_IMPLEMENTATIONS = YES;
				CLANG_WARN_DIRECT_OBJC_ISA_USAGE = YES_ERROR;
				CLANG_WARN_DOCUMENTATION_COMMENTS = YES;
				CLANG_WARN_EMPTY_BODY = YES;
				CLANG_WARN_ENUM_CONVERSION = YES;
				CLANG_WARN_INFINITE_RECURSION = YES;
				CLANG_WARN_INT_CONVERSION = YES;
				CLANG_WARN_NON_LITERAL_NULL_CONVERSION = YES;
				CLANG_WARN_OBJC_IMPLICIT_RETAIN_SELF = YES;
				CLANG_WARN_OBJC_LITERAL_CONVERSION = YES;
				CLANG_WARN_OBJC_ROOT_CLASS = YES_ERROR;
				CLANG_WARN_QUOTED_INCLUDE_IN_FRAMEWORK_HEADER = YES;
				CLANG_WARN_RANGE_LOOP_ANALYSIS = YES;
				CLANG_WARN_STRICT_PROTOTYPES = YES;
				CLANG_WARN_SUSPICIOUS_MOVE = YES;
				CLANG_WARN_UNGUARDED_AVAILABILITY = YES_AGGRESSIVE;
				CLANG_WARN_UNREACHABLE_CODE = YES;
				CLANG_WARN__DUPLICATE_METHOD_MATCH = YES;
				COPY_PHASE_STRIP = NO;
				DEBUG_INFORMATION_FORMAT = "dwarf-with-dsym";
				ENABLE_NS_ASSERTIONS = NO;
				ENABLE_STRICT_OBJC_MSGSEND = YES;
				ENABLE_USER_SCRIPT_SANDBOXING = YES;
				GCC_C_LANGUAGE_STANDARD = gnu17;
				GCC_NO_COMMON_BLOCKS = YES;
				GCC_WARN_64_TO_32_BIT_CONVERSION = YES;
				GCC_WARN_ABOUT_RETURN_TYPE = YES_ERROR;
				GCC_WARN_UNDECLARED_SELECTOR = YES;
				GCC_WARN_UNINITIALIZED_AUTOS = YES_AGGRESSIVE;
				GCC_WARN_UNUSED_FUNCTION = YES;
				GCC_WARN_UNUSED_VARIABLE = YES;
				IPHONEOS_DEPLOYMENT_TARGET = 17.2;
				LOCALIZATION_PREFERS_STRING_CATALOGS = YES;
				MTL_ENABLE_DEBUG_INFO = NO;
				MTL_FAST_MATH = YES;
				SDKROOT = iphoneos;
				SWIFT_COMPILATION_MODE = wholemodule;
				VALIDATE_PRODUCT = YES;
			};
			name = Release;
		};
		42FE49ED2B7F38B300C095F7 /* Debug */ = {
			isa = XCBuildConfiguration;
			buildSettings = {
				ASSETCATALOG_COMPILER_APPICON_NAME = AppIcon;
				ASSETCATALOG_COMPILER_GLOBAL_ACCENT_COLOR_NAME = AccentColor;
				CODE_SIGN_STYLE = Automatic;
				CURRENT_PROJECT_VERSION = 1;
				DEVELOPMENT_ASSET_PATHS = "\"EmojiPicker/Preview Content\"";
				ENABLE_PREVIEWS = YES;
				GENERATE_INFOPLIST_FILE = YES;
				INFOPLIST_KEY_UIApplicationSceneManifest_Generation = YES;
				INFOPLIST_KEY_UIApplicationSupportsIndirectInputEvents = YES;
				INFOPLIST_KEY_UILaunchScreen_Generation = YES;
				INFOPLIST_KEY_UISupportedInterfaceOrientations_iPad = "UIInterfaceOrientationPortrait UIInterfaceOrientationPortraitUpsideDown UIInterfaceOrientationLandscapeLeft UIInterfaceOrientationLandscapeRight";
				INFOPLIST_KEY_UISupportedInterfaceOrientations_iPhone = "UIInterfaceOrientationPortrait UIInterfaceOrientationLandscapeLeft UIInterfaceOrientationLandscapeRight";
				LD_RUNPATH_SEARCH_PATHS = (
					"$(inherited)",
					"@executable_path/Frameworks",
				);
				MARKETING_VERSION = 1.0;
				PRODUCT_BUNDLE_IDENTIFIER = samisamara.EmojiPicker;
				PRODUCT_NAME = "$(TARGET_NAME)";
				SWIFT_EMIT_LOC_STRINGS = YES;
				SWIFT_VERSION = 5.0;
				TARGETED_DEVICE_FAMILY = "1,2";
			};
			name = Debug;
		};
		42FE49EE2B7F38B300C095F7 /* Release */ = {
			isa = XCBuildConfiguration;
			buildSettings = {
				ASSETCATALOG_COMPILER_APPICON_NAME = AppIcon;
				ASSETCATALOG_COMPILER_GLOBAL_ACCENT_COLOR_NAME = AccentColor;
				CODE_SIGN_STYLE = Automatic;
				CURRENT_PROJECT_VERSION = 1;
				DEVELOPMENT_ASSET_PATHS = "\"EmojiPicker/Preview Content\"";
				ENABLE_PREVIEWS = YES;
				GENERATE_INFOPLIST_FILE = YES;
				INFOPLIST_KEY_UIApplicationSceneManifest_Generation = YES;
				INFOPLIST_KEY_UIApplicationSupportsIndirectInputEvents = YES;
				INFOPLIST_KEY_UILaunchScreen_Generation = YES;
				INFOPLIST_KEY_UISupportedInterfaceOrientations_iPad = "UIInterfaceOrientationPortrait UIInterfaceOrientationPortraitUpsideDown UIInterfaceOrientationLandscapeLeft UIInterfaceOrientationLandscapeRight";
				INFOPLIST_KEY_UISupportedInterfaceOrientations_iPhone = "UIInterfaceOrientationPortrait UIInterfaceOrientationLandscapeLeft UIInterfaceOrientationLandscapeRight";
				LD_RUNPATH_SEARCH_PATHS = (
					"$(inherited)",
					"@executable_path/Frameworks",
				);
				MARKETING_VERSION = 1.0;
				PRODUCT_BUNDLE_IDENTIFIER = samisamara.EmojiPicker;
				PRODUCT_NAME = "$(TARGET_NAME)";
				SWIFT_EMIT_LOC_STRINGS = YES;
				SWIFT_VERSION = 5.0;
				TARGETED_DEVICE_FAMILY = "1,2";
			};
			name = Release;
		};
		42FE49F02B7F38B300C095F7 /* Debug */ = {
			isa = XCBuildConfiguration;
			buildSettings = {
				ALWAYS_EMBED_SWIFT_STANDARD_LIBRARIES = YES;
				BUNDLE_LOADER = "$(TEST_HOST)";
				CODE_SIGN_STYLE = Automatic;
				CURRENT_PROJECT_VERSION = 1;
				GENERATE_INFOPLIST_FILE = YES;
				IPHONEOS_DEPLOYMENT_TARGET = 17.2;
				MARKETING_VERSION = 1.0;
				PRODUCT_BUNDLE_IDENTIFIER = samisamara.EmojiPickerTests;
				PRODUCT_NAME = "$(TARGET_NAME)";
				SWIFT_EMIT_LOC_STRINGS = NO;
				SWIFT_VERSION = 5.0;
				TARGETED_DEVICE_FAMILY = "1,2";
				TEST_HOST = "$(BUILT_PRODUCTS_DIR)/EmojiPicker.app/$(BUNDLE_EXECUTABLE_FOLDER_PATH)/EmojiPicker";
			};
			name = Debug;
		};
		42FE49F12B7F38B300C095F7 /* Release */ = {
			isa = XCBuildConfiguration;
			buildSettings = {
				ALWAYS_EMBED_SWIFT_STANDARD_LIBRARIES = YES;
				BUNDLE_LOADER = "$(TEST_HOST)";
				CODE_SIGN_STYLE = Automatic;
				CURRENT_PROJECT_VERSION = 1;
				GENERATE_INFOPLIST_FILE = YES;
				IPHONEOS_DEPLOYMENT_TARGET = 17.2;
				MARKETING_VERSION = 1.0;
				PRODUCT_BUNDLE_IDENTIFIER = samisamara.EmojiPickerTests;
				PRODUCT_NAME = "$(TARGET_NAME)";
				SWIFT_EMIT_LOC_STRINGS = NO;
				SWIFT_VERSION = 5.0;
				TARGETED_DEVICE_FAMILY = "1,2";
				TEST_HOST = "$(BUILT_PRODUCTS_DIR)/EmojiPicker.app/$(BUNDLE_EXECUTABLE_FOLDER_PATH)/EmojiPicker";
			};
			name = Release;
		};
		42FE49F32B7F38B300C095F7 /* Debug */ = {
			isa = XCBuildConfiguration;
			buildSettings = {
				ALWAYS_EMBED_SWIFT_STANDARD_LIBRARIES = YES;
				CODE_SIGN_STYLE = Automatic;
				CURRENT_PROJECT_VERSION = 1;
				GENERATE_INFOPLIST_FILE = YES;
				MARKETING_VERSION = 1.0;
				PRODUCT_BUNDLE_IDENTIFIER = samisamara.EmojiPickerUITests;
				PRODUCT_NAME = "$(TARGET_NAME)";
				SWIFT_EMIT_LOC_STRINGS = NO;
				SWIFT_VERSION = 5.0;
				TARGETED_DEVICE_FAMILY = "1,2";
				TEST_TARGET_NAME = EmojiPicker;
			};
			name = Debug;
		};
		42FE49F42B7F38B300C095F7 /* Release */ = {
			isa = XCBuildConfiguration;
			buildSettings = {
				ALWAYS_EMBED_SWIFT_STANDARD_LIBRARIES = YES;
				CODE_SIGN_STYLE = Automatic;
				CURRENT_PROJECT_VERSION = 1;
				GENERATE_INFOPLIST_FILE = YES;
				MARKETING_VERSION = 1.0;
				PRODUCT_BUNDLE_IDENTIFIER = samisamara.EmojiPickerUITests;
				PRODUCT_NAME = "$(TARGET_NAME)";
				SWIFT_EMIT_LOC_STRINGS = NO;
				SWIFT_VERSION = 5.0;
				TARGETED_DEVICE_FAMILY = "1,2";
				TEST_TARGET_NAME = EmojiPicker;
			};
			name = Release;
		};
/* End XCBuildConfiguration section */

/* Begin XCConfigurationList section */
		42FE49C32B7F38B100C095F7 /* Build configuration list for PBXProject "EmojiPicker" */ = {
			isa = XCConfigurationList;
			buildConfigurations = (
				42FE49EA2B7F38B300C095F7 /* Debug */,
				42FE49EB2B7F38B300C095F7 /* Release */,
			);
			defaultConfigurationIsVisible = 0;
			defaultConfigurationName = Release;
		};
		42FE49EC2B7F38B300C095F7 /* Build configuration list for PBXNativeTarget "EmojiPicker" */ = {
			isa = XCConfigurationList;
			buildConfigurations = (
				42FE49ED2B7F38B300C095F7 /* Debug */,
				42FE49EE2B7F38B300C095F7 /* Release */,
			);
			defaultConfigurationIsVisible = 0;
			defaultConfigurationName = Release;
		};
		42FE49EF2B7F38B300C095F7 /* Build configuration list for PBXNativeTarget "EmojiPickerTests" */ = {
			isa = XCConfigurationList;
			buildConfigurations = (
				42FE49F02B7F38B300C095F7 /* Debug */,
				42FE49F12B7F38B300C095F7 /* Release */,
			);
			defaultConfigurationIsVisible = 0;
			defaultConfigurationName = Release;
		};
		42FE49F22B7F38B300C095F7 /* Build configuration list for PBXNativeTarget "EmojiPickerUITests" */ = {
			isa = XCConfigurationList;
			buildConfigurations = (
				42FE49F32B7F38B300C095F7 /* Debug */,
				42FE49F42B7F38B300C095F7 /* Release */,
			);
			defaultConfigurationIsVisible = 0;
			defaultConfigurationName = Release;
		};
/* End XCConfigurationList section */
	};
	rootObject = 42FE49C02B7F38B100C095F7 /* Project object */;
}
